# Run ./gradlew --write-locks to regenerate this file
com.fasterxml.jackson.core:jackson-annotations:2.14.2 (2 constraints: c3178871)
com.palantir.safe-logging:safe-logging:3.3.0 (1 constraints: 08050336)

[Test dependencies]
com.fasterxml.jackson.core:jackson-core:2.14.2 (1 constraints: 89123a21)
com.fasterxml.jackson.core:jackson-databind:2.14.2 (1 constraints: 3b053d3b)
net.jqwik:jqwik:1.7.3 (1 constraints: 0d050836)
net.jqwik:jqwik-api:1.7.3 (4 constraints: 5f24154b)
net.jqwik:jqwik-engine:1.7.3 (1 constraints: 9e07fa6c)
net.jqwik:jqwik-time:1.7.3 (1 constraints: 9e07fa6c)
net.jqwik:jqwik-web:1.7.3 (1 constraints: 9e07fa6c)
org.apiguardian:apiguardian-api:1.1.2 (10 constraints: 4f819858)
org.junit.jupiter:junit-jupiter:5.9.2 (1 constraints: 12052136)
org.junit.jupiter:junit-jupiter-api:5.9.2 (3 constraints: 792f0dde)
org.junit.jupiter:junit-jupiter-engine:5.9.2 (1 constraints: 0d0ee23b)
org.junit.jupiter:junit-jupiter-params:5.9.2 (1 constraints: 0d0ee23b)
org.junit.platform:junit-platform-commons:1.9.2 (4 constraints: 2534f5b0)
org.junit.platform:junit-platform-engine:1.9.2 (2 constraints: ed1abb4e)
org.opentest4j:opentest4j:1.2.0 (6 constraints: 72469adf)
