# Run ./gradlew --write-locks to regenerate this file
com.fasterxml.jackson.core:jackson-annotations:2.11.2 (2 constraints: bd17d770)

[Test dependencies]
com.fasterxml.jackson.core:jackson-core:2.11.2 (1 constraints: 86123121)
com.fasterxml.jackson.core:jackson-databind:2.11.2 (1 constraints: 3805343b)
junit:junit:4.13 (1 constraints: dc040031)
org.hamcrest:hamcrest-core:1.3 (1 constraints: cc05fe3f)
