# Run ./gradlew --write-locks to regenerate this file
com.fasterxml.jackson.core:jackson-annotations:2.13.2 (2 constraints: c1174d71)

[Test dependencies]
com.fasterxml.jackson.core:jackson-core:2.13.2 (1 constraints: 88123721)
com.fasterxml.jackson.core:jackson-databind:2.13.2.1 (1 constraints: 99053b46)
net.jqwik:jqwik:1.6.5 (1 constraints: 0e050736)
net.jqwik:jqwik-api:1.6.5 (4 constraints: 6324be4b)
net.jqwik:jqwik-engine:1.6.5 (1 constraints: 9f07f96c)
net.jqwik:jqwik-time:1.6.5 (1 constraints: 9f07f96c)
net.jqwik:jqwik-web:1.6.5 (1 constraints: 9f07f96c)
org.apiguardian:apiguardian-api:1.1.2 (10 constraints: 4f819858)
org.junit.jupiter:junit-jupiter:5.8.2 (1 constraints: 11051e36)
org.junit.jupiter:junit-jupiter-api:5.8.2 (3 constraints: 762f77dd)
org.junit.jupiter:junit-jupiter-engine:5.8.2 (1 constraints: 0c0edf3b)
org.junit.jupiter:junit-jupiter-params:5.8.2 (1 constraints: 0c0edf3b)
org.junit.platform:junit-platform-commons:1.8.2 (4 constraints: 2134dfaf)
org.junit.platform:junit-platform-engine:1.8.2 (2 constraints: eb1a864e)
org.opentest4j:opentest4j:1.2.0 (6 constraints: 72469adf)
